
Microsoft Visual Studio Solution File, Format Version 12.00
# Visual Studio Version 17
VisualStudioVersion = 17.7.34009.444
MinimumVisualStudioVersion = 10.0.40219.1
Project("{2150E333-8FDC-42A3-9474-1A3956D46DE8}") = "Interators", "Interators", "{92A473E4-F442-4A28-970B-3247048F7083}"
EndProject
Project("{9A19103F-16F7-4668-BE54-9A1E7A4F7556}") = "Interators", "Interators\Interators.csproj", "{76609D81-E144-4065-B6FF-DEEF13B55E67}"
EndProject
Project("{2150E333-8FDC-42A3-9474-1A3956D46DE8}") = "PartialClasses", "PartialClasses", "{B9FB74D9-239C-435A-9AE1-391A99CF8AAA}"
EndProject
Project("{9A19103F-16F7-4668-BE54-9A1E7A4F7556}") = "PartialClasses", "PartialClasses\PartialClasses.csproj", "{81A32AB0-5CEC-4000-91FE-A3D95EC4C10B}"
EndProject
Project("{2150E333-8FDC-42A3-9474-1A3956D46DE8}") = "ImplicitTypingAndObjectInitializer", "ImplicitTypingAndObjectInitializer", "{6A6C7AE4-8352-409F-BDFE-AC6355EFC348}"
EndProject
Project("{9A19103F-16F7-4668-BE54-9A1E7A4F7556}") = "ImplicitTyping", "ImplicitTyping\ImplicitTyping.csproj", "{51330B96-1FC0-4B04-A3AA-ADC80236D6C7}"
EndProject
Project("{2150E333-8FDC-42A3-9474-1A3956D46DE8}") = "DelegateAndLambda", "DelegateAndLambda", "{A799610C-7B7F-4D4F-91EC-46A9FE5E8A3F}"
EndProject
Project("{9A19103F-16F7-4668-BE54-9A1E7A4F7556}") = "DelegateAndLambda", "DelegateAndLambda\DelegateAndLambda.csproj", "{5DB24319-E378-48BC-AAD4-EF9F28918D8D}"
EndProject
Project("{9A19103F-16F7-4668-BE54-9A1E7A4F7556}") = "DelegateBookStore", "DelegateBookStore\DelegateBookStore.csproj", "{1AADF274-50E6-4BBD-A0E5-91153E5FF8D0}"
EndProject
Project("{9A19103F-16F7-4668-BE54-9A1E7A4F7556}") = "Lambda", "Lambda\Lambda.csproj", "{88DECEA2-E312-4074-8FF1-E0ACC8925BBE}"
EndProject
Project("{2150E333-8FDC-42A3-9474-1A3956D46DE8}") = "ExpressionTrees", "ExpressionTrees", "{882D8700-FCC4-4FC6-BD18-265303FBE7AC}"
EndProject
Project("{9A19103F-16F7-4668-BE54-9A1E7A4F7556}") = "ExpressionTrees", "ExpressionTrees\ExpressionTrees.csproj", "{053B6F76-BE14-403A-8056-30E54D7C766E}"
EndProject
Project("{2150E333-8FDC-42A3-9474-1A3956D46DE8}") = "QueryExpressionAndTransparentIdentifiers", "QueryExpressionAndTransparentIdentifiers", "{807BB04A-4AE3-46E4-927B-8620C44FD67F}"
EndProject
Project("{9A19103F-16F7-4668-BE54-9A1E7A4F7556}") = "QueryExpressionAndTransparentIdentifiers", "QueryExpressionAndTransparentIdentifiers\QueryExpressionAndTransparentIdentifiers.csproj", "{97630C89-D2EE-4A7F-B47A-D6DE178C52FB}"
EndProject
Project("{2150E333-8FDC-42A3-9474-1A3956D46DE8}") = "Dynamic", "Dynamic", "{62F677F7-210D-47ED-81B6-76F2EF9D21AA}"
EndProject
Project("{9A19103F-16F7-4668-BE54-9A1E7A4F7556}") = "CustomDynamicType", "CustomDynamicType\CustomDynamicType.csproj", "{D8E37AAC-545E-4843-BE62-1C2BC286B468}"
EndProject
Project("{9A19103F-16F7-4668-BE54-9A1E7A4F7556}") = "Dynamic", "Dynamic\Dynamic.csproj", "{AA4F8504-027D-4BB0-A021-C0D152BF338A}"
EndProject
Project("{9A19103F-16F7-4668-BE54-9A1E7A4F7556}") = "ExpandoObject", "ExpandoObject\ExpandoObject.csproj", "{85D40BCF-2A91-4C05-B3B4-24C374EEE860}"
EndProject
Project("{2150E333-8FDC-42A3-9474-1A3956D46DE8}") = "Async", "Async", "{95D1AB3B-55B4-474F-BB76-8BF787A0DA6C}"
EndProject
Project("{9A19103F-16F7-4668-BE54-9A1E7A4F7556}") = "AsyncExceptions", "AsyncTasks\AsyncExceptions.csproj", "{AAE31D9D-2B6C-41B7-993C-5F32399CA5D3}"
EndProject
Project("{9A19103F-16F7-4668-BE54-9A1E7A4F7556}") = "AsyncMainExceptions", "AsyncMain\AsyncMainExceptions.csproj", "{9E883778-B330-4C2E-9620-25DCDEE7F5FB}"
EndProject
Project("{9A19103F-16F7-4668-BE54-9A1E7A4F7556}") = "ConfigureAwait", "ConfigureAwait\ConfigureAwait.csproj", "{C57A07D4-E027-4653-BA40-20320FA43BFE}"
EndProject
Project("{9A19103F-16F7-4668-BE54-9A1E7A4F7556}") = "AsyncSharedResourcesIssue", "AsyncSharedResourcesIssue\AsyncSharedResourcesIssue.csproj", "{BBC00D25-389D-4F5E-988B-A137AAD6A646}"
EndProject
Project("{FAE04EC0-301F-11D3-BF4B-00C04F79EFBC}") = "TaskScheduler", "TaskScheduler\TaskScheduler.csproj", "{0F8DBB79-00D3-4A1C-91C6-FF8246277CB3}"
EndProject
Global
	GlobalSection(SolutionConfigurationPlatforms) = preSolution
		Debug|Any CPU = Debug|Any CPU
		Release|Any CPU = Release|Any CPU
	EndGlobalSection
	GlobalSection(ProjectConfigurationPlatforms) = postSolution
		{76609D81-E144-4065-B6FF-DEEF13B55E67}.Debug|Any CPU.ActiveCfg = Debug|Any CPU
		{76609D81-E144-4065-B6FF-DEEF13B55E67}.Debug|Any CPU.Build.0 = Debug|Any CPU
		{76609D81-E144-4065-B6FF-DEEF13B55E67}.Release|Any CPU.ActiveCfg = Release|Any CPU
		{76609D81-E144-4065-B6FF-DEEF13B55E67}.Release|Any CPU.Build.0 = Release|Any CPU
		{81A32AB0-5CEC-4000-91FE-A3D95EC4C10B}.Debug|Any CPU.ActiveCfg = Debug|Any CPU
		{81A32AB0-5CEC-4000-91FE-A3D95EC4C10B}.Debug|Any CPU.Build.0 = Debug|Any CPU
		{81A32AB0-5CEC-4000-91FE-A3D95EC4C10B}.Release|Any CPU.ActiveCfg = Release|Any CPU
		{81A32AB0-5CEC-4000-91FE-A3D95EC4C10B}.Release|Any CPU.Build.0 = Release|Any CPU
		{51330B96-1FC0-4B04-A3AA-ADC80236D6C7}.Debug|Any CPU.ActiveCfg = Debug|Any CPU
		{51330B96-1FC0-4B04-A3AA-ADC80236D6C7}.Debug|Any CPU.Build.0 = Debug|Any CPU
		{51330B96-1FC0-4B04-A3AA-ADC80236D6C7}.Release|Any CPU.ActiveCfg = Release|Any CPU
		{51330B96-1FC0-4B04-A3AA-ADC80236D6C7}.Release|Any CPU.Build.0 = Release|Any CPU
		{5DB24319-E378-48BC-AAD4-EF9F28918D8D}.Debug|Any CPU.ActiveCfg = Debug|Any CPU
		{5DB24319-E378-48BC-AAD4-EF9F28918D8D}.Debug|Any CPU.Build.0 = Debug|Any CPU
		{5DB24319-E378-48BC-AAD4-EF9F28918D8D}.Release|Any CPU.ActiveCfg = Release|Any CPU
		{5DB24319-E378-48BC-AAD4-EF9F28918D8D}.Release|Any CPU.Build.0 = Release|Any CPU
		{1AADF274-50E6-4BBD-A0E5-91153E5FF8D0}.Debug|Any CPU.ActiveCfg = Debug|Any CPU
		{1AADF274-50E6-4BBD-A0E5-91153E5FF8D0}.Debug|Any CPU.Build.0 = Debug|Any CPU
		{1AADF274-50E6-4BBD-A0E5-91153E5FF8D0}.Release|Any CPU.ActiveCfg = Release|Any CPU
		{1AADF274-50E6-4BBD-A0E5-91153E5FF8D0}.Release|Any CPU.Build.0 = Release|Any CPU
		{88DECEA2-E312-4074-8FF1-E0ACC8925BBE}.Debug|Any CPU.ActiveCfg = Debug|Any CPU
		{88DECEA2-E312-4074-8FF1-E0ACC8925BBE}.Debug|Any CPU.Build.0 = Debug|Any CPU
		{88DECEA2-E312-4074-8FF1-E0ACC8925BBE}.Release|Any CPU.ActiveCfg = Release|Any CPU
		{88DECEA2-E312-4074-8FF1-E0ACC8925BBE}.Release|Any CPU.Build.0 = Release|Any CPU
		{053B6F76-BE14-403A-8056-30E54D7C766E}.Debug|Any CPU.ActiveCfg = Debug|Any CPU
		{053B6F76-BE14-403A-8056-30E54D7C766E}.Debug|Any CPU.Build.0 = Debug|Any CPU
		{053B6F76-BE14-403A-8056-30E54D7C766E}.Release|Any CPU.ActiveCfg = Release|Any CPU
		{053B6F76-BE14-403A-8056-30E54D7C766E}.Release|Any CPU.Build.0 = Release|Any CPU
		{97630C89-D2EE-4A7F-B47A-D6DE178C52FB}.Debug|Any CPU.ActiveCfg = Debug|Any CPU
		{97630C89-D2EE-4A7F-B47A-D6DE178C52FB}.Debug|Any CPU.Build.0 = Debug|Any CPU
		{97630C89-D2EE-4A7F-B47A-D6DE178C52FB}.Release|Any CPU.ActiveCfg = Release|Any CPU
		{97630C89-D2EE-4A7F-B47A-D6DE178C52FB}.Release|Any CPU.Build.0 = Release|Any CPU
		{D8E37AAC-545E-4843-BE62-1C2BC286B468}.Debug|Any CPU.ActiveCfg = Debug|Any CPU
		{D8E37AAC-545E-4843-BE62-1C2BC286B468}.Debug|Any CPU.Build.0 = Debug|Any CPU
		{D8E37AAC-545E-4843-BE62-1C2BC286B468}.Release|Any CPU.ActiveCfg = Release|Any CPU
		{D8E37AAC-545E-4843-BE62-1C2BC286B468}.Release|Any CPU.Build.0 = Release|Any CPU
		{AA4F8504-027D-4BB0-A021-C0D152BF338A}.Debug|Any CPU.ActiveCfg = Debug|Any CPU
		{AA4F8504-027D-4BB0-A021-C0D152BF338A}.Debug|Any CPU.Build.0 = Debug|Any CPU
		{AA4F8504-027D-4BB0-A021-C0D152BF338A}.Release|Any CPU.ActiveCfg = Release|Any CPU
		{AA4F8504-027D-4BB0-A021-C0D152BF338A}.Release|Any CPU.Build.0 = Release|Any CPU
		{85D40BCF-2A91-4C05-B3B4-24C374EEE860}.Debug|Any CPU.ActiveCfg = Debug|Any CPU
		{85D40BCF-2A91-4C05-B3B4-24C374EEE860}.Debug|Any CPU.Build.0 = Debug|Any CPU
		{85D40BCF-2A91-4C05-B3B4-24C374EEE860}.Release|Any CPU.ActiveCfg = Release|Any CPU
		{85D40BCF-2A91-4C05-B3B4-24C374EEE860}.Release|Any CPU.Build.0 = Release|Any CPU
		{AAE31D9D-2B6C-41B7-993C-5F32399CA5D3}.Debug|Any CPU.ActiveCfg = Debug|Any CPU
		{AAE31D9D-2B6C-41B7-993C-5F32399CA5D3}.Debug|Any CPU.Build.0 = Debug|Any CPU
		{AAE31D9D-2B6C-41B7-993C-5F32399CA5D3}.Release|Any CPU.ActiveCfg = Release|Any CPU
		{AAE31D9D-2B6C-41B7-993C-5F32399CA5D3}.Release|Any CPU.Build.0 = Release|Any CPU
		{9E883778-B330-4C2E-9620-25DCDEE7F5FB}.Debug|Any CPU.ActiveCfg = Debug|Any CPU
		{9E883778-B330-4C2E-9620-25DCDEE7F5FB}.Debug|Any CPU.Build.0 = Debug|Any CPU
		{9E883778-B330-4C2E-9620-25DCDEE7F5FB}.Release|Any CPU.ActiveCfg = Release|Any CPU
		{9E883778-B330-4C2E-9620-25DCDEE7F5FB}.Release|Any CPU.Build.0 = Release|Any CPU
		{C57A07D4-E027-4653-BA40-20320FA43BFE}.Debug|Any CPU.ActiveCfg = Debug|Any CPU
		{C57A07D4-E027-4653-BA40-20320FA43BFE}.Debug|Any CPU.Build.0 = Debug|Any CPU
		{C57A07D4-E027-4653-BA40-20320FA43BFE}.Release|Any CPU.ActiveCfg = Release|Any CPU
		{C57A07D4-E027-4653-BA40-20320FA43BFE}.Release|Any CPU.Build.0 = Release|Any CPU
		{BBC00D25-389D-4F5E-988B-A137AAD6A646}.Debug|Any CPU.ActiveCfg = Debug|Any CPU
		{BBC00D25-389D-4F5E-988B-A137AAD6A646}.Debug|Any CPU.Build.0 = Debug|Any CPU
		{BBC00D25-389D-4F5E-988B-A137AAD6A646}.Release|Any CPU.ActiveCfg = Release|Any CPU
		{BBC00D25-389D-4F5E-988B-A137AAD6A646}.Release|Any CPU.Build.0 = Release|Any CPU
		{0F8DBB79-00D3-4A1C-91C6-FF8246277CB3}.Debug|Any CPU.ActiveCfg = Debug|Any CPU
		{0F8DBB79-00D3-4A1C-91C6-FF8246277CB3}.Debug|Any CPU.Build.0 = Debug|Any CPU
		{0F8DBB79-00D3-4A1C-91C6-FF8246277CB3}.Release|Any CPU.ActiveCfg = Release|Any CPU
		{0F8DBB79-00D3-4A1C-91C6-FF8246277CB3}.Release|Any CPU.Build.0 = Release|Any CPU
	EndGlobalSection
	GlobalSection(SolutionProperties) = preSolution
		HideSolutionNode = FALSE
	EndGlobalSection
	GlobalSection(NestedProjects) = preSolution
		{76609D81-E144-4065-B6FF-DEEF13B55E67} = {92A473E4-F442-4A28-970B-3247048F7083}
		{81A32AB0-5CEC-4000-91FE-A3D95EC4C10B} = {B9FB74D9-239C-435A-9AE1-391A99CF8AAA}
		{51330B96-1FC0-4B04-A3AA-ADC80236D6C7} = {6A6C7AE4-8352-409F-BDFE-AC6355EFC348}
		{5DB24319-E378-48BC-AAD4-EF9F28918D8D} = {A799610C-7B7F-4D4F-91EC-46A9FE5E8A3F}
		{1AADF274-50E6-4BBD-A0E5-91153E5FF8D0} = {A799610C-7B7F-4D4F-91EC-46A9FE5E8A3F}
		{88DECEA2-E312-4074-8FF1-E0ACC8925BBE} = {A799610C-7B7F-4D4F-91EC-46A9FE5E8A3F}
		{053B6F76-BE14-403A-8056-30E54D7C766E} = {882D8700-FCC4-4FC6-BD18-265303FBE7AC}
		{97630C89-D2EE-4A7F-B47A-D6DE178C52FB} = {807BB04A-4AE3-46E4-927B-8620C44FD67F}
		{D8E37AAC-545E-4843-BE62-1C2BC286B468} = {62F677F7-210D-47ED-81B6-76F2EF9D21AA}
		{AA4F8504-027D-4BB0-A021-C0D152BF338A} = {62F677F7-210D-47ED-81B6-76F2EF9D21AA}
		{85D40BCF-2A91-4C05-B3B4-24C374EEE860} = {62F677F7-210D-47ED-81B6-76F2EF9D21AA}
		{AAE31D9D-2B6C-41B7-993C-5F32399CA5D3} = {95D1AB3B-55B4-474F-BB76-8BF787A0DA6C}
		{9E883778-B330-4C2E-9620-25DCDEE7F5FB} = {95D1AB3B-55B4-474F-BB76-8BF787A0DA6C}
		{C57A07D4-E027-4653-BA40-20320FA43BFE} = {95D1AB3B-55B4-474F-BB76-8BF787A0DA6C}
		{BBC00D25-389D-4F5E-988B-A137AAD6A646} = {95D1AB3B-55B4-474F-BB76-8BF787A0DA6C}
		{0F8DBB79-00D3-4A1C-91C6-FF8246277CB3} = {95D1AB3B-55B4-474F-BB76-8BF787A0DA6C}
	EndGlobalSection
	GlobalSection(ExtensibilityGlobals) = postSolution
		SolutionGuid = {364366FB-8A6B-4A40-84C5-930F4D1618F7}
	EndGlobalSection
EndGlobal
